# THIS IS AN AUTOGENERATED FILE. DO NOT EDIT THIS FILE DIRECTLY.
# yarn lockfile v1


"@straw-hat/logger@^1.0.0":
  version "1.0.0"
  resolved "https://registry.npmjs.org/@straw-hat/logger/-/logger-1.0.0.tgz#1bdf4e436b53804a82f28c3bb7921db395ca6ac6"
  integrity sha512-r0bRF14lEf1f4BLLltpTyKFLokDOMMBZ/cHtBowmz84Z6HTPgFv9XDpWEciyvzQhdrMvd0oZoBi1bKgkC+8fdg==

"@straw-hat/tsconfig@^2.2.0":
  version "2.2.0"
  resolved "https://registry.npmjs.org/@straw-hat/tsconfig/-/tsconfig-2.2.0.tgz#66c9c9314e91c159492ccb2c3c7498459eb2f818"
  integrity sha512-OmNg/ErhxgrmCpirE2ta6nGNV0An0dmRWSPuV4tn0R/7iQzqm4dsgIa1t3GNbq2oouJ8AaK35dm6x5DXL7lLwg==

typescript@^4.2.4:
  version "4.2.4"
  resolved "https://registry.npmjs.org/typescript/-/typescript-4.2.4.tgz#8610b59747de028fda898a8aef0e103f156d0961"
  integrity sha512-V+evlYHZnQkaz8TRBuxTA92yZBPotr5H+WhQ7bD3hZUndx5tGOa1fuCgeSjxAzM1RiN5IzvadIXTVefuuwZCRg==
